
Microsoft Visual Studio Solution File, Format Version 12.00
# Visual Studio Version 17
VisualStudioVersion = 17.7.34009.444
MinimumVisualStudioVersion = 10.0.40219.1
Project("{FAE04EC0-301F-11D3-BF4B-00C04F79EFBC}") = "Assignment3(1)", "Assignment3(1)\Assignment3(1).csproj", "{D2B5B439-C2DD-480B-8BFB-1D4DB29124CF}"
EndProject
Global
	GlobalSection(SolutionConfigurationPlatforms) = preSolution
		Debug|Any CPU = Debug|Any CPU
		Release|Any CPU = Release|Any CPU
	EndGlobalSection
	GlobalSection(ProjectConfigurationPlatforms) = postSolution
		{D2B5B439-C2DD-480B-8BFB-1D4DB29124CF}.Debug|Any CPU.ActiveCfg = Debug|Any CPU
		{D2B5B439-C2DD-480B-8BFB-1D4DB29124CF}.Debug|Any CPU.Build.0 = Debug|Any CPU
		{D2B5B439-C2DD-480B-8BFB-1D4DB29124CF}.Release|Any CPU.ActiveCfg = Release|Any CPU
		{D2B5B439-C2DD-480B-8BFB-1D4DB29124CF}.Release|Any CPU.Build.0 = Release|Any CPU
	EndGlobalSection
	GlobalSection(SolutionProperties) = preSolution
		HideSolutionNode = FALSE
	EndGlobalSection
	GlobalSection(ExtensibilityGlobals) = postSolution
		SolutionGuid = {C433129B-60B1-4B4E-87AD-8851871FF5C4}
	EndGlobalSection
EndGlobal
